
Microsoft Visual Studio Solution File, Format Version 12.00
# Visual Studio Version 16
VisualStudioVersion = 16.0.30406.217
MinimumVisualStudioVersion = 10.0.40219.1
Project("{FAE04EC0-301F-11D3-BF4B-00C04F79EFBC}") = "AplikasiSelamatDatang", "AplikasiSelamatDatang\AplikasiSelamatDatang.csproj", "{7B37D70E-E1B6-458B-843F-0892B0AC8030}"
EndProject
Global
	GlobalSection(SolutionConfigurationPlatforms) = preSolution
		Debug|Any CPU = Debug|Any CPU
		Release|Any CPU = Release|Any CPU
	EndGlobalSection
	GlobalSection(ProjectConfigurationPlatforms) = postSolution
		{7B37D70E-E1B6-458B-843F-0892B0AC8030}.Debug|Any CPU.ActiveCfg = Debug|Any CPU
		{7B37D70E-E1B6-458B-843F-0892B0AC8030}.Debug|Any CPU.Build.0 = Debug|Any CPU
		{7B37D70E-E1B6-458B-843F-0892B0AC8030}.Release|Any CPU.ActiveCfg = Release|Any CPU
		{7B37D70E-E1B6-458B-843F-0892B0AC8030}.Release|Any CPU.Build.0 = Release|Any CPU
	EndGlobalSection
	GlobalSection(SolutionProperties) = preSolution
		HideSolutionNode = FALSE
	EndGlobalSection
	GlobalSection(ExtensibilityGlobals) = postSolution
		SolutionGuid = {EE3DD20E-457D-4FD0-8268-95A5E6238D11}
	EndGlobalSection
EndGlobal
